github.com/Syfaro/telegram-bot-api v4.6.4+incompatible h1:O30CgxZ/BuHpWfONoGirTIU7XUWhz6NPelk80FxipDI=
github.com/Syfaro/telegram-bot-api v4.6.4+incompatible/go.mod h1:eC/lEGT3gOB9RowMYsLx0YH1U8a/dEjceHY3M//ej88=
github.com/go-telegram-bot-api/telegram-bot-api/v5 v5.5.1 h1:wG8n/XJQ07TmjbITcGiUaOtXxdrINDz1b0J1w0SzqDc=
github.com/go-telegram-bot-api/telegram-bot-api/v5 v5.5.1/go.mod h1:A2S0CWkNylc2phvKXWBBdD3K0iGnDBGbzRpISP2zBl8=
github.com/lib/pq v1.10.8 h1:3fdt97i/cwSU83+E0hZTC/Xpc9mTZxc6UWSCRcSbxiE=
github.com/lib/pq v1.10.8/go.mod h1:AlVN5x4E4T544tWzH6hKfbfQvm3HdbOxrmggDNAPY9o=
github.com/technoweenie/multipartstreamer v1.0.1 h1:XRztA5MXiR1TIRHxH2uNxXxaIkKQDeX7m2XsSOlQEnM=
github.com/technoweenie/multipartstreamer v1.0.1/go.mod h1:jNVxdtShOxzAsukZwTSw6MDx5eUJoiEBsSvzDU9uzog=
